
Microsoft Visual Studio Solution File, Format Version 12.00
# Visual Studio Version 17
VisualStudioVersion = 17.11.35312.102
MinimumVisualStudioVersion = 10.0.40219.1
Project("{FAE04EC0-301F-11D3-BF4B-00C04F79EFBC}") = "XCMusic", "XCMusic.csproj", "{0A1A8C48-3C84-4030-89C7-7B27643BC789}"
EndProject
Global
	GlobalSection(SolutionConfigurationPlatforms) = preSolution
		Debug|Any CPU = Debug|Any CPU
		Debug|x86 = Debug|x86
		Release|Any CPU = Release|Any CPU
		Release|x86 = Release|x86
	EndGlobalSection
	GlobalSection(ProjectConfigurationPlatforms) = postSolution
		{0A1A8C48-3C84-4030-89C7-7B27643BC789}.Debug|Any CPU.ActiveCfg = Debug|Any CPU
		{0A1A8C48-3C84-4030-89C7-7B27643BC789}.Debug|Any CPU.Build.0 = Debug|Any CPU
		{0A1A8C48-3C84-4030-89C7-7B27643BC789}.Debug|x86.ActiveCfg = Debug|x86
		{0A1A8C48-3C84-4030-89C7-7B27643BC789}.Debug|x86.Build.0 = Debug|x86
		{0A1A8C48-3C84-4030-89C7-7B27643BC789}.Release|Any CPU.ActiveCfg = Release|Any CPU
		{0A1A8C48-3C84-4030-89C7-7B27643BC789}.Release|Any CPU.Build.0 = Release|Any CPU
		{0A1A8C48-3C84-4030-89C7-7B27643BC789}.Release|x86.ActiveCfg = Release|x86
		{0A1A8C48-3C84-4030-89C7-7B27643BC789}.Release|x86.Build.0 = Release|x86
	EndGlobalSection
	GlobalSection(SolutionProperties) = preSolution
		HideSolutionNode = FALSE
	EndGlobalSection
	GlobalSection(ExtensibilityGlobals) = postSolution
		SolutionGuid = {953AA812-B2C9-4A0D-8F98-2FC1B45A3026}
	EndGlobalSection
EndGlobal
